# Generated by tripgoctl. Do not edit manually.
tripgoctl_version = "v1.0.0"
schema_version = 1
lab = 5
namespace = "tripgo-lab-05"
cluster_id = "golden-cluster-id"

[[images]]
name = "postgres"
reference = "docker.io/library/postgres@sha256:029660641a0cfc575b14f336ba448fb8a75fd595d42e1fa316b9fb4378742297"

[[images]]
name = "otel-collector"
reference = "docker.io/otel/opentelemetry-collector-contrib@sha256:1f2c54a30e713fac6b3ae77a1ec84010c2007e29ced8ec666214fc2f6739c1cc"

[[images]]
name = "prometheus"
reference = "docker.io/prom/prometheus@sha256:5ce7540c3c00ef4ab0c9d2c995c6a5b9c421f44b4a115d97a2c7af3b1c21cbb0"

[[images]]
name = "grafana"
reference = "docker.io/grafana/grafana@sha256:3fd54ae1214669f8355f065ec9f6445d5279a3d77095ab048ca045685272429b"

[[images]]
name = "jaeger"
reference = "docker.io/jaegertracing/jaeger@sha256:46a886260e04002d8f45e213fc39063fa11a50446048fdaa64786fc0840cb9f8"

[[images]]
name = "push-service"
reference = "localhost:5001/tripgo-push-service@sha256:aaaaaaaaaaaaaaaaaaaaaaaaaaaaaaaaaaaaaaaaaaaaaaaaaaaaaaaaaaaaaaaa"

[[images]]
name = "redpanda"
reference = "docker.io/redpandadata/redpanda@sha256:468bd13a9f2bd24794cb7fddc867c767fb1008b9a07b297b89fde48c564d7d96"

[[images]]
name = "redpanda-console"
reference = "docker.redpanda.com/redpandadata/console@sha256:bf5ed3ee83e5b2dd6d1c1f1c8095ba252f384ce9354e7a3d2f780f0b4a486c09"

[[manifests]]
path = "rendered/namespace.yaml"
sha256 = "a61398966f8a444d9ee2887a539926ed53d4c1f0e05400be8f0647259fe2afe7"

[[manifests]]
path = "rendered/postgres.yaml"
sha256 = "8e036450e944786ec06e953a18bebc8836b04099c4bd34c171943a5ebf00f71e"

[[manifests]]
path = "rendered/observability.yaml"
sha256 = "3d2d069b3d14247f18f4de645d2a795ed459a799f844e5fb38ddaa5456e7dd1c"

[[manifests]]
path = "rendered/push.yaml"
sha256 = "4a2dae9389306c6a5b2a48b6c225a8e1906505361f2dce3a1594ef2880735da8"

[[manifests]]
path = "rendered/redpanda.yaml"
sha256 = "bd34c3f9355ee93da21c961da5e45e208d15b35cc2e525d59d5a5d430a485377"

[[manifests]]
path = "rendered/topics.yaml"
sha256 = "bbd5dad1221db726bb8068f6ecac2bab3ccbedf99b597c1bdad8ef590e5a12cd"
