# Generated by tripgoctl. Do not edit manually.
tripgoctl_version = "v1.0.0"
schema_version = 1
lab = 3
namespace = "tripgo-lab-03"
cluster_id = "golden-cluster-id"

[[images]]
name = "postgres"
reference = "docker.io/library/postgres@sha256:029660641a0cfc575b14f336ba448fb8a75fd595d42e1fa316b9fb4378742297"

[[images]]
name = "otel-collector"
reference = "docker.io/otel/opentelemetry-collector-contrib@sha256:1f2c54a30e713fac6b3ae77a1ec84010c2007e29ced8ec666214fc2f6739c1cc"

[[images]]
name = "prometheus"
reference = "docker.io/prom/prometheus@sha256:5ce7540c3c00ef4ab0c9d2c995c6a5b9c421f44b4a115d97a2c7af3b1c21cbb0"

[[images]]
name = "grafana"
reference = "docker.io/grafana/grafana@sha256:3fd54ae1214669f8355f065ec9f6445d5279a3d77095ab048ca045685272429b"

[[images]]
name = "jaeger"
reference = "docker.io/jaegertracing/jaeger@sha256:46a886260e04002d8f45e213fc39063fa11a50446048fdaa64786fc0840cb9f8"

[[images]]
name = "push-service"
reference = "localhost:5001/tripgo-push-service@sha256:aaaaaaaaaaaaaaaaaaaaaaaaaaaaaaaaaaaaaaaaaaaaaaaaaaaaaaaaaaaaaaaa"

[[manifests]]
path = "rendered/namespace.yaml"
sha256 = "6c4d2a3f727cf4f862d2f6f7f8e789b054b09743ef7857bfa87277a67fcce57d"

[[manifests]]
path = "rendered/postgres.yaml"
sha256 = "c22baf2dd28252abfb2eb537eb54e72f472922f279ddba5578fa5e736132df63"

[[manifests]]
path = "rendered/observability.yaml"
sha256 = "0180b13ee9a7ce4084e8f6d874709d82665cf3317231518590eac89dbb264dab"

[[manifests]]
path = "rendered/push.yaml"
sha256 = "d31fdd632424de62189513ff43153f5b0965c3bed9ee60959c59d2d774f92a93"
