# Generated by tripgoctl. Do not edit manually.
tripgoctl_version = "v1.0.0"
schema_version = 1
lab = 4
namespace = "tripgo-lab-04"
cluster_id = "golden-cluster-id"

[[images]]
name = "postgres"
reference = "docker.io/library/postgres@sha256:029660641a0cfc575b14f336ba448fb8a75fd595d42e1fa316b9fb4378742297"

[[images]]
name = "otel-collector"
reference = "docker.io/otel/opentelemetry-collector-contrib@sha256:1f2c54a30e713fac6b3ae77a1ec84010c2007e29ced8ec666214fc2f6739c1cc"

[[images]]
name = "prometheus"
reference = "docker.io/prom/prometheus@sha256:5ce7540c3c00ef4ab0c9d2c995c6a5b9c421f44b4a115d97a2c7af3b1c21cbb0"

[[images]]
name = "grafana"
reference = "docker.io/grafana/grafana@sha256:3fd54ae1214669f8355f065ec9f6445d5279a3d77095ab048ca045685272429b"

[[images]]
name = "jaeger"
reference = "docker.io/jaegertracing/jaeger@sha256:46a886260e04002d8f45e213fc39063fa11a50446048fdaa64786fc0840cb9f8"

[[images]]
name = "push-service"
reference = "localhost:5001/tripgo-push-service@sha256:aaaaaaaaaaaaaaaaaaaaaaaaaaaaaaaaaaaaaaaaaaaaaaaaaaaaaaaaaaaaaaaa"

[[images]]
name = "redpanda"
reference = "docker.io/redpandadata/redpanda@sha256:468bd13a9f2bd24794cb7fddc867c767fb1008b9a07b297b89fde48c564d7d96"

[[images]]
name = "redpanda-console"
reference = "docker.redpanda.com/redpandadata/console@sha256:bf5ed3ee83e5b2dd6d1c1f1c8095ba252f384ce9354e7a3d2f780f0b4a486c09"

[[manifests]]
path = "rendered/namespace.yaml"
sha256 = "a657c7d083c7d7d1b5b2f5f78051d99fc82518544e75584cb1a83cf785c702e9"

[[manifests]]
path = "rendered/postgres.yaml"
sha256 = "c62a811a69fe9c452c490891a752b5319396516f4a171831215e064a05c0d893"

[[manifests]]
path = "rendered/observability.yaml"
sha256 = "5903a8f7a27daac63de329890b56fd1b01436674d7e51e6c688d6a65b9881967"

[[manifests]]
path = "rendered/push.yaml"
sha256 = "4d2b523be7f7d3fbc785c69826d5ea9dbeca6c77b3a61522840279028ffad4f1"

[[manifests]]
path = "rendered/redpanda.yaml"
sha256 = "8d9feacbbe367ba69e3dc7894a242ccbee09d9c1c63b9e907482f5d10a3cfa81"

[[manifests]]
path = "rendered/topics.yaml"
sha256 = "f47b2fb0f38e4c5447698b0fa7d2e2dbdecf7308b2af200f4c9bc43fabeb872c"
