# Generated by tripgoctl. Do not edit manually.
tripgoctl_version = "v1.0.0"
schema_version = 1
lab = 1
namespace = "tripgo-lab-01"
cluster_id = "golden-cluster-id"

[[images]]
name = "postgres"
reference = "docker.io/library/postgres@sha256:029660641a0cfc575b14f336ba448fb8a75fd595d42e1fa316b9fb4378742297"

[[manifests]]
path = "rendered/namespace.yaml"
sha256 = "2ba9040cccfa9f699b966bee7e53f048e827f77a19676dcf070a2e7dfe8ccec6"

[[manifests]]
path = "rendered/postgres.yaml"
sha256 = "ae358348f352d4c5a34a910e22ab10c897ebf4d83e3b6df8b3cd119e5adcb0bb"
